
Microsoft Visual Studio Solution File, Format Version 12.00
Project("{FAE04EC0-301F-11D3-BF4B-00C04F79EFBC}") = "AzureFunctions", "AzureFunctions\AzureFunctions.csproj", "{30C0C27A-919F-4237-B2F0-2462A0212D20}"
EndProject
Global
	GlobalSection(SolutionConfigurationPlatforms) = preSolution
		Debug|Any CPU = Debug|Any CPU
		Release|Any CPU = Release|Any CPU
	EndGlobalSection
	GlobalSection(ProjectConfigurationPlatforms) = postSolution
		{30C0C27A-919F-4237-B2F0-2462A0212D20}.Debug|Any CPU.ActiveCfg = Debug|Any CPU
		{30C0C27A-919F-4237-B2F0-2462A0212D20}.Debug|Any CPU.Build.0 = Debug|Any CPU
		{30C0C27A-919F-4237-B2F0-2462A0212D20}.Release|Any CPU.ActiveCfg = Release|Any CPU
		{30C0C27A-919F-4237-B2F0-2462A0212D20}.Release|Any CPU.Build.0 = Release|Any CPU
	EndGlobalSection
EndGlobal
